
Microsoft Visual Studio Solution File, Format Version 12.00
# Visual Studio Version 16
VisualStudioVersion = 16.0.29920.165
MinimumVisualStudioVersion = 10.0.40219.1
Project("{FAE04EC0-301F-11D3-BF4B-00C04F79EFBC}") = "E_Menu_Personel_App", "E_Menu_Personel_App.csproj", "{CAAE9928-F6F6-4A06-8245-A11277677595}"
EndProject
Global
	GlobalSection(SolutionConfigurationPlatforms) = preSolution
		Debug|Any CPU = Debug|Any CPU
		Release|Any CPU = Release|Any CPU
	EndGlobalSection
	GlobalSection(ProjectConfigurationPlatforms) = postSolution
		{CAAE9928-F6F6-4A06-8245-A11277677595}.Debug|Any CPU.ActiveCfg = Debug|Any CPU
		{CAAE9928-F6F6-4A06-8245-A11277677595}.Debug|Any CPU.Build.0 = Debug|Any CPU
		{CAAE9928-F6F6-4A06-8245-A11277677595}.Release|Any CPU.ActiveCfg = Release|Any CPU
		{CAAE9928-F6F6-4A06-8245-A11277677595}.Release|Any CPU.Build.0 = Release|Any CPU
	EndGlobalSection
	GlobalSection(SolutionProperties) = preSolution
		HideSolutionNode = FALSE
	EndGlobalSection
	GlobalSection(ExtensibilityGlobals) = postSolution
		SolutionGuid = {33556E5E-00AF-4572-8343-445F2500A025}
	EndGlobalSection
EndGlobal
